
Microsoft Visual Studio Solution File, Format Version 12.00
# Visual Studio Version 17
VisualStudioVersion = 17.1.32210.238
MinimumVisualStudioVersion = 10.0.40219.1
Project("{FAE04EC0-301F-11D3-BF4B-00C04F79EFBC}") = "Laba2", "Laba2\Laba2.csproj", "{DAC0EEBD-F7EB-4440-B7D0-51854AD3B626}"
EndProject
Global
	GlobalSection(SolutionConfigurationPlatforms) = preSolution
		Debug|Any CPU = Debug|Any CPU
		Release|Any CPU = Release|Any CPU
	EndGlobalSection
	GlobalSection(ProjectConfigurationPlatforms) = postSolution
		{DAC0EEBD-F7EB-4440-B7D0-51854AD3B626}.Debug|Any CPU.ActiveCfg = Debug|Any CPU
		{DAC0EEBD-F7EB-4440-B7D0-51854AD3B626}.Debug|Any CPU.Build.0 = Debug|Any CPU
		{DAC0EEBD-F7EB-4440-B7D0-51854AD3B626}.Release|Any CPU.ActiveCfg = Release|Any CPU
		{DAC0EEBD-F7EB-4440-B7D0-51854AD3B626}.Release|Any CPU.Build.0 = Release|Any CPU
	EndGlobalSection
	GlobalSection(SolutionProperties) = preSolution
		HideSolutionNode = FALSE
	EndGlobalSection
	GlobalSection(ExtensibilityGlobals) = postSolution
		SolutionGuid = {2F965235-C039-40F8-B3C6-A9AA5828049C}
	EndGlobalSection
EndGlobal
